
Microsoft Visual Studio Solution File, Format Version 12.00
# Visual Studio Version 17
VisualStudioVersion = 17.5.33530.505
MinimumVisualStudioVersion = 10.0.40219.1
Project("{FAE04EC0-301F-11D3-BF4B-00C04F79EFBC}") = "ViewComponentPartialViewTask", "ViewComponentPartialViewTask\ViewComponentPartialViewTask.csproj", "{D52A5AD4-DCBC-4FEB-B77F-CE2090D70F17}"
EndProject
Global
	GlobalSection(SolutionConfigurationPlatforms) = preSolution
		Debug|Any CPU = Debug|Any CPU
		Release|Any CPU = Release|Any CPU
	EndGlobalSection
	GlobalSection(ProjectConfigurationPlatforms) = postSolution
		{D52A5AD4-DCBC-4FEB-B77F-CE2090D70F17}.Debug|Any CPU.ActiveCfg = Debug|Any CPU
		{D52A5AD4-DCBC-4FEB-B77F-CE2090D70F17}.Debug|Any CPU.Build.0 = Debug|Any CPU
		{D52A5AD4-DCBC-4FEB-B77F-CE2090D70F17}.Release|Any CPU.ActiveCfg = Release|Any CPU
		{D52A5AD4-DCBC-4FEB-B77F-CE2090D70F17}.Release|Any CPU.Build.0 = Release|Any CPU
	EndGlobalSection
	GlobalSection(SolutionProperties) = preSolution
		HideSolutionNode = FALSE
	EndGlobalSection
	GlobalSection(ExtensibilityGlobals) = postSolution
		SolutionGuid = {EC45F142-4883-46FF-8122-C6E73F583B65}
	EndGlobalSection
EndGlobal
